// !$*UTF8*$!
{
	archiveVersion = 1;
	classes = {
	};
	objectVersion = 56;
	objects = {

/* Begin PBXBuildFile section */
		1210C7F0291C359800292AC2 /* mirrors_list.plist in CopyFiles */ = {isa = PBXBuildFile; fileRef = 1210C7EF291C357C00292AC2 /* mirrors_list.plist */; };
		12EA4375291C95E100846C17 /* ConsoleKit in Frameworks */ = {isa = PBXBuildFile; productRef = 12EA4374291C95E100846C17 /* ConsoleKit */; };
		12EA437B291CAFCA00846C17 /* Commands in Frameworks */ = {isa = PBXBuildFile; productRef = 12EA437A291CAFCA00846C17 /* Commands */; };
		12F74541291C1784000F122B /* main.swift in Sources */ = {isa = PBXBuildFile; fileRef = 12F74540291C1784000F122B /* main.swift */; };
/* End PBXBuildFile section */

/* Begin PBXCopyFilesBuildPhase section */
		12F7453B291C1784000F122B /* CopyFiles */ = {
			isa = PBXCopyFilesBuildPhase;
			buildActionMask = 12;
			dstPath = /Users/andretill;
			dstSubfolderSpec = 0;
			files = (
				1210C7F0291C359800292AC2 /* mirrors_list.plist in CopyFiles */,
			);
			runOnlyForDeploymentPostprocessing = 0;
		};
/* End PBXCopyFilesBuildPhase section */

/* Begin PBXFileReference section */
		1210C7EF291C357C00292AC2 /* mirrors_list.plist */ = {isa = PBXFileReference; lastKnownFileType = text.plist.xml; path = mirrors_list.plist; sourceTree = "<group>"; };
		12EA4378291CAD9A00846C17 /* mmaf.entitlements */ = {isa = PBXFileReference; lastKnownFileType = text.plist.entitlements; path = mmaf.entitlements; sourceTree = "<group>"; };
		12F7453D291C1784000F122B /* mmaf */ = {isa = PBXFileReference; explicitFileType = "compiled.mach-o.executable"; includeInIndex = 0; path = mmaf; sourceTree = BUILT_PRODUCTS_DIR; };
		12F74540291C1784000F122B /* main.swift */ = {isa = PBXFileReference; lastKnownFileType = sourcecode.swift; path = main.swift; sourceTree = "<group>"; };
/* End PBXFileReference section */

/* Begin PBXFrameworksBuildPhase section */
		12F7453A291C1784000F122B /* Frameworks */ = {
			isa = PBXFrameworksBuildPhase;
			buildActionMask = 2147483647;
			files = (
				12EA437B291CAFCA00846C17 /* Commands in Frameworks */,
				12EA4375291C95E100846C17 /* ConsoleKit in Frameworks */,
			);
			runOnlyForDeploymentPostprocessing = 0;
		};
/* End PBXFrameworksBuildPhase section */

/* Begin PBXGroup section */
		12F74534291C1784000F122B = {
			isa = PBXGroup;
			children = (
				12F7453F291C1784000F122B /* mmaf */,
				12F7453E291C1784000F122B /* Products */,
			);
			sourceTree = "<group>";
		};
		12F7453E291C1784000F122B /* Products */ = {
			isa = PBXGroup;
			children = (
				12F7453D291C1784000F122B /* mmaf */,
			);
			name = Products;
			sourceTree = "<group>";
		};
		12F7453F291C1784000F122B /* mmaf */ = {
			isa = PBXGroup;
			children = (
				12EA4378291CAD9A00846C17 /* mmaf.entitlements */,
				12F74540291C1784000F122B /* main.swift */,
				1210C7EF291C357C00292AC2 /* mirrors_list.plist */,
			);
			path = mmaf;
			sourceTree = "<group>";
		};
/* End PBXGroup section */

/* Begin PBXNativeTarget section */
		12F7453C291C1784000F122B /* mmaf */ = {
			isa = PBXNativeTarget;
			buildConfigurationList = 12F74544291C1784000F122B /* Build configuration list for PBXNativeTarget "mmaf" */;
			buildPhases = (
				12F74539291C1784000F122B /* Sources */,
				12F7453A291C1784000F122B /* Frameworks */,
				12F7453B291C1784000F122B /* CopyFiles */,
			);
			buildRules = (
			);
			dependencies = (
			);
			name = mmaf;
			packageProductDependencies = (
				12EA4374291C95E100846C17 /* ConsoleKit */,
				12EA437A291CAFCA00846C17 /* Commands */,
			);
			productName = mmaf;
			productReference = 12F7453D291C1784000F122B /* mmaf */;
			productType = "com.apple.product-type.tool";
		};
/* End PBXNativeTarget section */

/* Begin PBXProject section */
		12F74535291C1784000F122B /* Project object */ = {
			isa = PBXProject;
			attributes = {
				BuildIndependentTargetsInParallel = 1;
				LastSwiftUpdateCheck = 1410;
				LastUpgradeCheck = 1410;
				TargetAttributes = {
					12F7453C291C1784000F122B = {
						CreatedOnToolsVersion = 14.1;
					};
				};
			};
			buildConfigurationList = 12F74538291C1784000F122B /* Build configuration list for PBXProject "mmaf" */;
			compatibilityVersion = "Xcode 14.0";
			developmentRegion = en;
			hasScannedForEncodings = 0;
			knownRegions = (
				en,
				Base,
			);
			mainGroup = 12F74534291C1784000F122B;
			packageReferences = (
				12EA4373291C95E100846C17 /* XCRemoteSwiftPackageReference "console-kit" */,
				12EA4379291CAFCA00846C17 /* XCRemoteSwiftPackageReference "swift-commands" */,
			);
			productRefGroup = 12F7453E291C1784000F122B /* Products */;
			projectDirPath = "";
			projectRoot = "";
			targets = (
				12F7453C291C1784000F122B /* mmaf */,
			);
		};
/* End PBXProject section */

/* Begin PBXSourcesBuildPhase section */
		12F74539291C1784000F122B /* Sources */ = {
			isa = PBXSourcesBuildPhase;
			buildActionMask = 2147483647;
			files = (
				12F74541291C1784000F122B /* main.swift in Sources */,
			);
			runOnlyForDeploymentPostprocessing = 0;
		};
/* End PBXSourcesBuildPhase section */

/* Begin XCBuildConfiguration section */
		12F74542291C1784000F122B /* Debug */ = {
			isa = XCBuildConfiguration;
			buildSettings = {
				ALWAYS_SEARCH_USER_PATHS = NO;
				CLANG_ANALYZER_NONNULL = YES;
				CLANG_ANALYZER_NUMBER_OBJECT_CONVERSION = YES_AGGRESSIVE;
				CLANG_CXX_LANGUAGE_STANDARD = "gnu++20";
				CLANG_ENABLE_MODULES = YES;
				CLANG_ENABLE_OBJC_ARC = YES;
				CLANG_ENABLE_OBJC_WEAK = YES;
				CLANG_WARN_BLOCK_CAPTURE_AUTORELEASING = YES;
				CLANG_WARN_BOOL_CONVERSION = YES;
				CLANG_WARN_COMMA = YES;
				CLANG_WARN_CONSTANT_CONVERSION = YES;
				CLANG_WARN_DEPRECATED_OBJC_IMPLEMENTATIONS = YES;
				CLANG_WARN_DIRECT_OBJC_ISA_USAGE = YES_ERROR;
				CLANG_WARN_DOCUMENTATION_COMMENTS = YES;
				CLANG_WARN_EMPTY_BODY = YES;
				CLANG_WARN_ENUM_CONVERSION = YES;
				CLANG_WARN_INFINITE_RECURSION = YES;
				CLANG_WARN_INT_CONVERSION = YES;
				CLANG_WARN_NON_LITERAL_NULL_CONVERSION = YES;
				CLANG_WARN_OBJC_IMPLICIT_RETAIN_SELF = YES;
				CLANG_WARN_OBJC_LITERAL_CONVERSION = YES;
				CLANG_WARN_OBJC_ROOT_CLASS = YES_ERROR;
				CLANG_WARN_QUOTED_INCLUDE_IN_FRAMEWORK_HEADER = YES;
				CLANG_WARN_RANGE_LOOP_ANALYSIS = YES;
				CLANG_WARN_STRICT_PROTOTYPES = YES;
				CLANG_WARN_SUSPICIOUS_MOVE = YES;
				CLANG_WARN_UNGUARDED_AVAILABILITY = YES_AGGRESSIVE;
				CLANG_WARN_UNREACHABLE_CODE = YES;
				CLANG_WARN__DUPLICATE_METHOD_MATCH = YES;
				COPY_PHASE_STRIP = NO;
				DEBUG_INFORMATION_FORMAT = dwarf;
				ENABLE_STRICT_OBJC_MSGSEND = YES;
				ENABLE_TESTABILITY = YES;
				GCC_C_LANGUAGE_STANDARD = gnu11;
				GCC_DYNAMIC_NO_PIC = NO;
				GCC_NO_COMMON_BLOCKS = YES;
				GCC_OPTIMIZATION_LEVEL = 0;
				GCC_PREPROCESSOR_DEFINITIONS = (
					"DEBUG=1",
					"$(inherited)",
				);
				GCC_WARN_64_TO_32_BIT_CONVERSION = YES;
				GCC_WARN_ABOUT_RETURN_TYPE = YES_ERROR;
				GCC_WARN_UNDECLARED_SELECTOR = YES;
				GCC_WARN_UNINITIALIZED_AUTOS = YES_AGGRESSIVE;
				GCC_WARN_UNUSED_FUNCTION = YES;
				GCC_WARN_UNUSED_VARIABLE = YES;
				MACOSX_DEPLOYMENT_TARGET = 13.0;
				MTL_ENABLE_DEBUG_INFO = INCLUDE_SOURCE;
				MTL_FAST_MATH = YES;
				ONLY_ACTIVE_ARCH = YES;
				SDKROOT = macosx;
				SWIFT_ACTIVE_COMPILATION_CONDITIONS = DEBUG;
				SWIFT_OPTIMIZATION_LEVEL = "-Onone";
			};
			name = Debug;
		};
		12F74543291C1784000F122B /* Release */ = {
			isa = XCBuildConfiguration;
			buildSettings = {
				ALWAYS_SEARCH_USER_PATHS = NO;
				CLANG_ANALYZER_NONNULL = YES;
				CLANG_ANALYZER_NUMBER_OBJECT_CONVERSION = YES_AGGRESSIVE;
				CLANG_CXX_LANGUAGE_STANDARD = "gnu++20";
				CLANG_ENABLE_MODULES = YES;
				CLANG_ENABLE_OBJC_ARC = YES;
				CLANG_ENABLE_OBJC_WEAK = YES;
				CLANG_WARN_BLOCK_CAPTURE_AUTORELEASING = YES;
				CLANG_WARN_BOOL_CONVERSION = YES;
				CLANG_WARN_COMMA = YES;
				CLANG_WARN_CONSTANT_CONVERSION = YES;
				CLANG_WARN_DEPRECATED_OBJC_IMPLEMENTATIONS = YES;
				CLANG_WARN_DIRECT_OBJC_ISA_USAGE = YES_ERROR;
				CLANG_WARN_DOCUMENTATION_COMMENTS = YES;
				CLANG_WARN_EMPTY_BODY = YES;
				CLANG_WARN_ENUM_CONVERSION = YES;
				CLANG_WARN_INFINITE_RECURSION = YES;
				CLANG_WARN_INT_CONVERSION = YES;
				CLANG_WARN_NON_LITERAL_NULL_CONVERSION = YES;
				CLANG_WARN_OBJC_IMPLICIT_RETAIN_SELF = YES;
				CLANG_WARN_OBJC_LITERAL_CONVERSION = YES;
				CLANG_WARN_OBJC_ROOT_CLASS = YES_ERROR;
				CLANG_WARN_QUOTED_INCLUDE_IN_FRAMEWORK_HEADER = YES;
				CLANG_WARN_RANGE_LOOP_ANALYSIS = YES;
				CLANG_WARN_STRICT_PROTOTYPES = YES;
				CLANG_WARN_SUSPICIOUS_MOVE = YES;
				CLANG_WARN_UNGUARDED_AVAILABILITY = YES_AGGRESSIVE;
				CLANG_WARN_UNREACHABLE_CODE = YES;
				CLANG_WARN__DUPLICATE_METHOD_MATCH = YES;
				COPY_PHASE_STRIP = NO;
				DEBUG_INFORMATION_FORMAT = "dwarf-with-dsym";
				ENABLE_NS_ASSERTIONS = NO;
				ENABLE_STRICT_OBJC_MSGSEND = YES;
				GCC_C_LANGUAGE_STANDARD = gnu11;
				GCC_NO_COMMON_BLOCKS = YES;
				GCC_WARN_64_TO_32_BIT_CONVERSION = YES;
				GCC_WARN_ABOUT_RETURN_TYPE = YES_ERROR;
				GCC_WARN_UNDECLARED_SELECTOR = YES;
				GCC_WARN_UNINITIALIZED_AUTOS = YES_AGGRESSIVE;
				GCC_WARN_UNUSED_FUNCTION = YES;
				GCC_WARN_UNUSED_VARIABLE = YES;
				MACOSX_DEPLOYMENT_TARGET = 13.0;
				MTL_ENABLE_DEBUG_INFO = NO;
				MTL_FAST_MATH = YES;
				SDKROOT = macosx;
				SWIFT_COMPILATION_MODE = wholemodule;
				SWIFT_OPTIMIZATION_LEVEL = "-O";
			};
			name = Release;
		};
		12F74545291C1784000F122B /* Debug */ = {
			isa = XCBuildConfiguration;
			buildSettings = {
				CODE_SIGN_ENTITLEMENTS = mmaf/mmaf.entitlements;
				"CODE_SIGN_IDENTITY[sdk=macosx*]" = "Apple Development";
				CODE_SIGN_STYLE = Automatic;
				DEVELOPMENT_TEAM = H7ACR4JM8M;
				ENABLE_HARDENED_RUNTIME = NO;
				PRODUCT_BUNDLE_IDENTIFIER = com.tilldev.maff;
				PRODUCT_NAME = "$(TARGET_NAME)";
				SWIFT_VERSION = 5.0;
			};
			name = Debug;
		};
		12F74546291C1784000F122B /* Release */ = {
			isa = XCBuildConfiguration;
			buildSettings = {
				CODE_SIGN_ENTITLEMENTS = mmaf/mmaf.entitlements;
				"CODE_SIGN_IDENTITY[sdk=macosx*]" = "Apple Development";
				CODE_SIGN_STYLE = Automatic;
				DEVELOPMENT_TEAM = H7ACR4JM8M;
				ENABLE_HARDENED_RUNTIME = NO;
				PRODUCT_BUNDLE_IDENTIFIER = com.tilldev.maff;
				PRODUCT_NAME = "$(TARGET_NAME)";
				SWIFT_VERSION = 5.0;
			};
			name = Release;
		};
/* End XCBuildConfiguration section */

/* Begin XCConfigurationList section */
		12F74538291C1784000F122B /* Build configuration list for PBXProject "mmaf" */ = {
			isa = XCConfigurationList;
			buildConfigurations = (
				12F74542291C1784000F122B /* Debug */,
				12F74543291C1784000F122B /* Release */,
			);
			defaultConfigurationIsVisible = 0;
			defaultConfigurationName = Release;
		};
		12F74544291C1784000F122B /* Build configuration list for PBXNativeTarget "mmaf" */ = {
			isa = XCConfigurationList;
			buildConfigurations = (
				12F74545291C1784000F122B /* Debug */,
				12F74546291C1784000F122B /* Release */,
			);
			defaultConfigurationIsVisible = 0;
			defaultConfigurationName = Release;
		};
/* End XCConfigurationList section */

/* Begin XCRemoteSwiftPackageReference section */
		12EA4373291C95E100846C17 /* XCRemoteSwiftPackageReference "console-kit" */ = {
			isa = XCRemoteSwiftPackageReference;
			repositoryURL = "https://github.com/vapor/console-kit.git";
			requirement = {
				kind = upToNextMajorVersion;
				minimumVersion = 4.0.0;
			};
		};
		12EA4379291CAFCA00846C17 /* XCRemoteSwiftPackageReference "swift-commands" */ = {
			isa = XCRemoteSwiftPackageReference;
			repositoryURL = "https://github.com/QiuZhiFei/swift-commands.git";
			requirement = {
				branch = main;
				kind = branch;
			};
		};
/* End XCRemoteSwiftPackageReference section */

/* Begin XCSwiftPackageProductDependency section */
		12EA4374291C95E100846C17 /* ConsoleKit */ = {
			isa = XCSwiftPackageProductDependency;
			package = 12EA4373291C95E100846C17 /* XCRemoteSwiftPackageReference "console-kit" */;
			productName = ConsoleKit;
		};
		12EA437A291CAFCA00846C17 /* Commands */ = {
			isa = XCSwiftPackageProductDependency;
			package = 12EA4379291CAFCA00846C17 /* XCRemoteSwiftPackageReference "swift-commands" */;
			productName = Commands;
		};
/* End XCSwiftPackageProductDependency section */
	};
	rootObject = 12F74535291C1784000F122B /* Project object */;
}
